
Microsoft Visual Studio Solution File, Format Version 12.00
# Visual Studio Version 17
VisualStudioVersion = 17.7.34031.279
MinimumVisualStudioVersion = 10.0.40219.1
Project("{FAE04EC0-301F-11D3-BF4B-00C04F79EFBC}") = "Matrix", "Matrix\Matrix.csproj", "{07EBA631-D361-421B-84DE-8B46E9FDCAF5}"
EndProject
Global
	GlobalSection(SolutionConfigurationPlatforms) = preSolution
		Debug|Any CPU = Debug|Any CPU
		Release|Any CPU = Release|Any CPU
	EndGlobalSection
	GlobalSection(ProjectConfigurationPlatforms) = postSolution
		{07EBA631-D361-421B-84DE-8B46E9FDCAF5}.Debug|Any CPU.ActiveCfg = Debug|Any CPU
		{07EBA631-D361-421B-84DE-8B46E9FDCAF5}.Debug|Any CPU.Build.0 = Debug|Any CPU
		{07EBA631-D361-421B-84DE-8B46E9FDCAF5}.Release|Any CPU.ActiveCfg = Release|Any CPU
		{07EBA631-D361-421B-84DE-8B46E9FDCAF5}.Release|Any CPU.Build.0 = Release|Any CPU
	EndGlobalSection
	GlobalSection(SolutionProperties) = preSolution
		HideSolutionNode = FALSE
	EndGlobalSection
	GlobalSection(ExtensibilityGlobals) = postSolution
		SolutionGuid = {2A33E26C-5A95-43F8-A496-54D99EFF2526}
	EndGlobalSection
EndGlobal
